
Microsoft Visual Studio Solution File, Format Version 12.00
# Visual Studio Version 17
VisualStudioVersion = 17.4.33213.308
MinimumVisualStudioVersion = 10.0.40219.1
Project("{FAE04EC0-301F-11D3-BF4B-00C04F79EFBC}") = "HangFireDemo", "HangFireDemo\HangFireDemo.csproj", "{637515B2-7CB4-4079-A442-A77564BDA354}"
EndProject
Global
	GlobalSection(SolutionConfigurationPlatforms) = preSolution
		Debug|Any CPU = Debug|Any CPU
		Release|Any CPU = Release|Any CPU
	EndGlobalSection
	GlobalSection(ProjectConfigurationPlatforms) = postSolution
		{637515B2-7CB4-4079-A442-A77564BDA354}.Debug|Any CPU.ActiveCfg = Debug|Any CPU
		{637515B2-7CB4-4079-A442-A77564BDA354}.Debug|Any CPU.Build.0 = Debug|Any CPU
		{637515B2-7CB4-4079-A442-A77564BDA354}.Release|Any CPU.ActiveCfg = Release|Any CPU
		{637515B2-7CB4-4079-A442-A77564BDA354}.Release|Any CPU.Build.0 = Release|Any CPU
	EndGlobalSection
	GlobalSection(SolutionProperties) = preSolution
		HideSolutionNode = FALSE
	EndGlobalSection
	GlobalSection(ExtensibilityGlobals) = postSolution
		SolutionGuid = {AF3023F2-5CB6-4210-8BF5-BC9CF4C22E5F}
	EndGlobalSection
EndGlobal
